
Microsoft Visual Studio Solution File, Format Version 12.00
# Visual Studio Version 17
VisualStudioVersion = 17.6.33712.159
MinimumVisualStudioVersion = 10.0.40219.1
Project("{9A19103F-16F7-4668-BE54-9A1E7A4F7556}") = "BulkyWeb", "BulkyWeb\BulkyWeb.csproj", "{8D218EE8-EC80-4EAC-8A59-E047B0EDD59B}"
EndProject
Project("{9A19103F-16F7-4668-BE54-9A1E7A4F7556}") = "Buky.DataAccess", "Buky.DataAccess\Buky.DataAccess.csproj", "{B38C863E-ADE4-4900-90BC-6769F68A65D3}"
EndProject
Project("{9A19103F-16F7-4668-BE54-9A1E7A4F7556}") = "Bulky.Models", "Bulky.Models\Bulky.Models.csproj", "{3A20C39A-9D44-4EB5-81E8-94A0071F5565}"
EndProject
Project("{9A19103F-16F7-4668-BE54-9A1E7A4F7556}") = "Bulky.Utility", "Bulky.Utility\Bulky.Utility.csproj", "{A51F7B8A-0DF7-446D-9C82-2BBA5B2CC219}"
EndProject
Global
	GlobalSection(SolutionConfigurationPlatforms) = preSolution
		Debug|Any CPU = Debug|Any CPU
		Release|Any CPU = Release|Any CPU
	EndGlobalSection
	GlobalSection(ProjectConfigurationPlatforms) = postSolution
		{8D218EE8-EC80-4EAC-8A59-E047B0EDD59B}.Debug|Any CPU.ActiveCfg = Debug|Any CPU
		{8D218EE8-EC80-4EAC-8A59-E047B0EDD59B}.Debug|Any CPU.Build.0 = Debug|Any CPU
		{8D218EE8-EC80-4EAC-8A59-E047B0EDD59B}.Release|Any CPU.ActiveCfg = Release|Any CPU
		{8D218EE8-EC80-4EAC-8A59-E047B0EDD59B}.Release|Any CPU.Build.0 = Release|Any CPU
		{B38C863E-ADE4-4900-90BC-6769F68A65D3}.Debug|Any CPU.ActiveCfg = Debug|Any CPU
		{B38C863E-ADE4-4900-90BC-6769F68A65D3}.Debug|Any CPU.Build.0 = Debug|Any CPU
		{B38C863E-ADE4-4900-90BC-6769F68A65D3}.Release|Any CPU.ActiveCfg = Release|Any CPU
		{B38C863E-ADE4-4900-90BC-6769F68A65D3}.Release|Any CPU.Build.0 = Release|Any CPU
		{3A20C39A-9D44-4EB5-81E8-94A0071F5565}.Debug|Any CPU.ActiveCfg = Debug|Any CPU
		{3A20C39A-9D44-4EB5-81E8-94A0071F5565}.Debug|Any CPU.Build.0 = Debug|Any CPU
		{3A20C39A-9D44-4EB5-81E8-94A0071F5565}.Release|Any CPU.ActiveCfg = Release|Any CPU
		{3A20C39A-9D44-4EB5-81E8-94A0071F5565}.Release|Any CPU.Build.0 = Release|Any CPU
		{A51F7B8A-0DF7-446D-9C82-2BBA5B2CC219}.Debug|Any CPU.ActiveCfg = Debug|Any CPU
		{A51F7B8A-0DF7-446D-9C82-2BBA5B2CC219}.Debug|Any CPU.Build.0 = Debug|Any CPU
		{A51F7B8A-0DF7-446D-9C82-2BBA5B2CC219}.Release|Any CPU.ActiveCfg = Release|Any CPU
		{A51F7B8A-0DF7-446D-9C82-2BBA5B2CC219}.Release|Any CPU.Build.0 = Release|Any CPU
	EndGlobalSection
	GlobalSection(SolutionProperties) = preSolution
		HideSolutionNode = FALSE
	EndGlobalSection
	GlobalSection(ExtensibilityGlobals) = postSolution
		SolutionGuid = {258348BA-852D-419A-BEF0-9F428D9F624C}
	EndGlobalSection
EndGlobal
